
Microsoft Visual Studio Solution File, Format Version 12.00
# Visual Studio Version 16
VisualStudioVersion = 16.0.31424.327
MinimumVisualStudioVersion = 10.0.40219.1
Project("{9A19103F-16F7-4668-BE54-9A1E7A4F7556}") = "TutorialKudvenkat", "TutorialKudvenkat.csproj", "{CEED602E-F767-403B-8327-F7DDDF0E424A}"
EndProject
Project("{9A19103F-16F7-4668-BE54-9A1E7A4F7556}") = "TutorialKudvenkat.Models", "..\TutorialKudvenkat.Models\TutorialKudvenkat.Models.csproj", "{A75834EC-CE41-40E7-9FB3-C40028AEAC20}"
EndProject
Project("{9A19103F-16F7-4668-BE54-9A1E7A4F7556}") = "TutorialKudvenkat.Services", "..\TutorialKudvenkat.Services\TutorialKudvenkat.Services.csproj", "{73567810-CF57-49A1-8B6A-B1D02CF96481}"
EndProject
Global
	GlobalSection(SolutionConfigurationPlatforms) = preSolution
		Debug|Any CPU = Debug|Any CPU
		Release|Any CPU = Release|Any CPU
	EndGlobalSection
	GlobalSection(ProjectConfigurationPlatforms) = postSolution
		{CEED602E-F767-403B-8327-F7DDDF0E424A}.Debug|Any CPU.ActiveCfg = Debug|Any CPU
		{CEED602E-F767-403B-8327-F7DDDF0E424A}.Debug|Any CPU.Build.0 = Debug|Any CPU
		{CEED602E-F767-403B-8327-F7DDDF0E424A}.Release|Any CPU.ActiveCfg = Release|Any CPU
		{CEED602E-F767-403B-8327-F7DDDF0E424A}.Release|Any CPU.Build.0 = Release|Any CPU
		{A75834EC-CE41-40E7-9FB3-C40028AEAC20}.Debug|Any CPU.ActiveCfg = Debug|Any CPU
		{A75834EC-CE41-40E7-9FB3-C40028AEAC20}.Debug|Any CPU.Build.0 = Debug|Any CPU
		{A75834EC-CE41-40E7-9FB3-C40028AEAC20}.Release|Any CPU.ActiveCfg = Release|Any CPU
		{A75834EC-CE41-40E7-9FB3-C40028AEAC20}.Release|Any CPU.Build.0 = Release|Any CPU
		{73567810-CF57-49A1-8B6A-B1D02CF96481}.Debug|Any CPU.ActiveCfg = Debug|Any CPU
		{73567810-CF57-49A1-8B6A-B1D02CF96481}.Debug|Any CPU.Build.0 = Debug|Any CPU
		{73567810-CF57-49A1-8B6A-B1D02CF96481}.Release|Any CPU.ActiveCfg = Release|Any CPU
		{73567810-CF57-49A1-8B6A-B1D02CF96481}.Release|Any CPU.Build.0 = Release|Any CPU
	EndGlobalSection
	GlobalSection(SolutionProperties) = preSolution
		HideSolutionNode = FALSE
	EndGlobalSection
	GlobalSection(ExtensibilityGlobals) = postSolution
		SolutionGuid = {765BC24E-9AD1-423D-8C97-D907E58322E9}
	EndGlobalSection
EndGlobal
